{
  "requires": true,
  "lockfileVersion": 1,
  "dependencies": {
    "vue-material-design-icons": {
      "version": "1.5.1",
      "resolved": "https://registry.npmjs.org/vue-material-design-icons/-/vue-material-design-icons-1.5.1.tgz",
      "integrity": "sha1-41VQRuPwmbqq4FVvzqHgsZzwMPU="
    }
  }
}
